<?xml version="1.0" encoding="utf-8"?>
<Project ToolsVersion="4.0" xmlns="http://schemas.microsoft.com/developer/msbuild/2003">
  <ItemGroup>
    <Filter Include="Source Files">
      <UniqueIdentifier>{4FC737F1-C7A5-4376-A066-2A32D752A2FF}</UniqueIdentifier>
      <Extensions>cpp;c;cc;cxx;c++;cppm;ixx;def;odl;idl;hpj;bat;asm;asmx</Extensions>
    </Filter>
    <Filter Include="Header Files">
      <UniqueIdentifier>{93995380-89BD-4b04-88EB-625FBE52EBFB}</UniqueIdentifier>
      <Extensions>h;hh;hpp;hxx;h++;hm;inl;inc;ipp;xsd</Extensions>
    </Filter>
    <Filter Include="Resource Files">
      <UniqueIdentifier>{67DA6AB6-F800-4c08-8B7A-83BB121AAD01}</UniqueIdentifier>
      <Extensions>rc;ico;cur;bmp;dlg;rc2;rct;bin;rgs;gif;jpg;jpeg;jpe;resx;tiff;tif;png;wav;mfcribbon-ms</Extensions>
    </Filter>
    <Filter Include="Header Files\OCR_Tables">
      <UniqueIdentifier>{daa43f62-7302-455e-834a-30115eac35f1}</UniqueIdentifier>
    </Filter>
    <Filter Include="Source Files\OCR_Tables">
      <UniqueIdentifier>{d81b3b98-b8e1-4ed9-b743-eca4f9dead28}</UniqueIdentifier>
    </Filter>
    <Filter Include="Source Files\App">
      <UniqueIdentifier>{6f493dff-16a5-4af3-9764-7e723201419c}</UniqueIdentifier>
    </Filter>
    <Filter Include="Header Files\OCR_Tables\core">
      <UniqueIdentifier>{98164929-819b-4176-af30-c7c5a4450da7}</UniqueIdentifier>
    </Filter>
    <Filter Include="Header Files\OCR_Tables\helpers">
      <UniqueIdentifier>{1392bf0f-d22b-4223-8c70-234862044fe1}</UniqueIdentifier>
    </Filter>
    <Filter Include="Source Files\OCR_Tables\core">
      <UniqueIdentifier>{80915bb0-7dbb-4645-a349-b12257736b01}</UniqueIdentifier>
    </Filter>
    <Filter Include="Source Files\OCR_Tables\helpers">
      <UniqueIdentifier>{ab07fdb9-7686-4625-bc41-1816c349a9f9}</UniqueIdentifier>
    </Filter>
  </ItemGroup>
  <ItemGroup>
    <ClInclude Include="ocr_tables\dll_config.h">
      <Filter>Header Files\OCR_Tables</Filter>
    </ClInclude>
    <ClInclude Include="ocr_tables\debug.h">
      <Filter>Header Files\OCR_Tables</Filter>
    </ClInclude>
    <ClInclude Include="ocr_tables\ocr_tabs_api.h">
      <Filter>Header Files\OCR_Tables</Filter>
    </ClInclude>
    <ClInclude Include="ocr_tables\core\img_processor.h">
      <Filter>Header Files\OCR_Tables\core</Filter>
    </ClInclude>
    <ClInclude Include="ocr_tables\core\ocr_tabs_engine.h">
      <Filter>Header Files\OCR_Tables\core</Filter>
    </ClInclude>
    <ClInclude Include="ocr_tables\helpers\auxiliary.h">
      <Filter>Header Files\OCR_Tables\helpers</Filter>
    </ClInclude>
    <ClInclude Include="ocr_tables\helpers\drawing_handler.h">
      <Filter>Header Files\OCR_Tables\helpers</Filter>
    </ClInclude>
    <ClInclude Include="ocr_tables\helpers\file_handler.h">
      <Filter>Header Files\OCR_Tables\helpers</Filter>
    </ClInclude>
    <ClInclude Include="ocr_tables\core\document.h">
      <Filter>Header Files\OCR_Tables\core</Filter>
    </ClInclude>
  </ItemGroup>
  <ItemGroup>
    <ClCompile Include="App\main.cpp">
      <Filter>Source Files\App</Filter>
    </ClCompile>
    <ClCompile Include="ocr_tables\ocr_tabs_api.cpp">
      <Filter>Source Files\OCR_Tables</Filter>
    </ClCompile>
    <ClCompile Include="ocr_tables\helpers\auxiliary.cpp">
      <Filter>Source Files\OCR_Tables\helpers</Filter>
    </ClCompile>
    <ClCompile Include="ocr_tables\helpers\drawing_handler.cpp">
      <Filter>Source Files\OCR_Tables\helpers</Filter>
    </ClCompile>
    <ClCompile Include="ocr_tables\helpers\file_handler.cpp">
      <Filter>Source Files\OCR_Tables\helpers</Filter>
    </ClCompile>
    <ClCompile Include="ocr_tables\core\img_processor.cpp">
      <Filter>Source Files\OCR_Tables\core</Filter>
    </ClCompile>
    <ClCompile Include="ocr_tables\core\ocr_tabs_engine.cpp">
      <Filter>Source Files\OCR_Tables\core</Filter>
    </ClCompile>
  </ItemGroup>
</Project>